// !$*UTF8*$!
{
	archiveVersion = 1;
	classes = {
	};
	objectVersion = 50;
	objects = {

/* Begin PBXBuildFile section */
		B3159683218A023F00BE2E39 /* String+extensions.swift in Sources */ = {isa = PBXBuildFile; fileRef = B3159682218A023F00BE2E39 /* String+extensions.swift */; };
		B3159685218B0E0D00BE2E39 /* HeaderView.swift in Sources */ = {isa = PBXBuildFile; fileRef = B3159684218B0E0D00BE2E39 /* HeaderView.swift */; };
		B3159688218B0E5500BE2E39 /* ImageCell.swift in Sources */ = {isa = PBXBuildFile; fileRef = B3159687218B0E5500BE2E39 /* ImageCell.swift */; };
		B315968A218B0E6300BE2E39 /* ArrowCell.swift in Sources */ = {isa = PBXBuildFile; fileRef = B3159689218B0E6300BE2E39 /* ArrowCell.swift */; };
		B315968C218B19E300BE2E39 /* RoundedLabel.swift in Sources */ = {isa = PBXBuildFile; fileRef = B315968B218B19E300BE2E39 /* RoundedLabel.swift */; };
		B3199E8F218708B50079EE6B /* AppDelegate.swift in Sources */ = {isa = PBXBuildFile; fileRef = B3199E8E218708B50079EE6B /* AppDelegate.swift */; };
		B3199E91218708B50079EE6B /* AuthenticationViewController.swift in Sources */ = {isa = PBXBuildFile; fileRef = B3199E90218708B50079EE6B /* AuthenticationViewController.swift */; };
		B3199E94218708B50079EE6B /* Main.storyboard in Resources */ = {isa = PBXBuildFile; fileRef = B3199E92218708B50079EE6B /* Main.storyboard */; };
		B3199E96218708B70079EE6B /* Assets.xcassets in Resources */ = {isa = PBXBuildFile; fileRef = B3199E95218708B70079EE6B /* Assets.xcassets */; };
		B3199E99218708B70079EE6B /* LaunchScreen.storyboard in Resources */ = {isa = PBXBuildFile; fileRef = B3199E97218708B70079EE6B /* LaunchScreen.storyboard */; };
		B3199EA121872F360079EE6B /* ProfileViewController.swift in Sources */ = {isa = PBXBuildFile; fileRef = B3199EA021872F360079EE6B /* ProfileViewController.swift */; };
		B3199EA321875B1C0079EE6B /* User.swift in Sources */ = {isa = PBXBuildFile; fileRef = B3199EA221875B1B0079EE6B /* User.swift */; };
		B3B68169218B2235004CC19D /* UIColor+extensions.swift in Sources */ = {isa = PBXBuildFile; fileRef = B3B68168218B2235004CC19D /* UIColor+extensions.swift */; };
		B3B6816B218B249E004CC19D /* DataSource.swift in Sources */ = {isa = PBXBuildFile; fileRef = B3B6816A218B249E004CC19D /* DataSource.swift */; };
		B3B6816F218B4B36004CC19D /* DownloadableImageView.swift in Sources */ = {isa = PBXBuildFile; fileRef = B3B6816E218B4B36004CC19D /* DownloadableImageView.swift */; };
		B3B68171218B5D2C004CC19D /* TintedImageView.swift in Sources */ = {isa = PBXBuildFile; fileRef = B3B68170218B5D2C004CC19D /* TintedImageView.swift */; };
		B3B68174218B78C5004CC19D /* HTTPClient.swift in Sources */ = {isa = PBXBuildFile; fileRef = B3B68173218B78C5004CC19D /* HTTPClient.swift */; };
		B3B68176218B7F79004CC19D /* GithubService.swift in Sources */ = {isa = PBXBuildFile; fileRef = B3B68175218B7F79004CC19D /* GithubService.swift */; };
		B3B68178218B7F86004CC19D /* GithubAPIService.swift in Sources */ = {isa = PBXBuildFile; fileRef = B3B68177218B7F86004CC19D /* GithubAPIService.swift */; };
		B3EB4B7E218C5AE2004FB392 /* NavigationConttoller.swift in Sources */ = {isa = PBXBuildFile; fileRef = B3EB4B7D218C5AE2004FB392 /* NavigationConttoller.swift */; };
		B3EB4B80218C674B004FB392 /* BioCell.swift in Sources */ = {isa = PBXBuildFile; fileRef = B3EB4B7F218C674B004FB392 /* BioCell.swift */; };
		B3EB4B82218C6760004FB392 /* RightEditCell.swift in Sources */ = {isa = PBXBuildFile; fileRef = B3EB4B81218C6760004FB392 /* RightEditCell.swift */; };
		B3F13F002189B02A005E222F /* EditProfileViewController.swift in Sources */ = {isa = PBXBuildFile; fileRef = B3F13EFF2189B02A005E222F /* EditProfileViewController.swift */; };
/* End PBXBuildFile section */

/* Begin PBXFileReference section */
		B3159682218A023F00BE2E39 /* String+extensions.swift */ = {isa = PBXFileReference; lastKnownFileType = sourcecode.swift; path = "String+extensions.swift"; sourceTree = "<group>"; };
		B3159684218B0E0D00BE2E39 /* HeaderView.swift */ = {isa = PBXFileReference; lastKnownFileType = sourcecode.swift; path = HeaderView.swift; sourceTree = "<group>"; };
		B3159687218B0E5500BE2E39 /* ImageCell.swift */ = {isa = PBXFileReference; lastKnownFileType = sourcecode.swift; path = ImageCell.swift; sourceTree = "<group>"; };
		B3159689218B0E6300BE2E39 /* ArrowCell.swift */ = {isa = PBXFileReference; lastKnownFileType = sourcecode.swift; path = ArrowCell.swift; sourceTree = "<group>"; };
		B315968B218B19E300BE2E39 /* RoundedLabel.swift */ = {isa = PBXFileReference; lastKnownFileType = sourcecode.swift; path = RoundedLabel.swift; sourceTree = "<group>"; };
		B3199E8B218708B50079EE6B /* Github test.app */ = {isa = PBXFileReference; explicitFileType = wrapper.application; includeInIndex = 0; path = "Github test.app"; sourceTree = BUILT_PRODUCTS_DIR; };
		B3199E8E218708B50079EE6B /* AppDelegate.swift */ = {isa = PBXFileReference; lastKnownFileType = sourcecode.swift; path = AppDelegate.swift; sourceTree = "<group>"; };
		B3199E90218708B50079EE6B /* AuthenticationViewController.swift */ = {isa = PBXFileReference; lastKnownFileType = sourcecode.swift; path = AuthenticationViewController.swift; sourceTree = "<group>"; };
		B3199E93218708B50079EE6B /* Base */ = {isa = PBXFileReference; lastKnownFileType = file.storyboard; name = Base; path = Base.lproj/Main.storyboard; sourceTree = "<group>"; };
		B3199E95218708B70079EE6B /* Assets.xcassets */ = {isa = PBXFileReference; lastKnownFileType = folder.assetcatalog; path = Assets.xcassets; sourceTree = "<group>"; };
		B3199E98218708B70079EE6B /* Base */ = {isa = PBXFileReference; lastKnownFileType = file.storyboard; name = Base; path = Base.lproj/LaunchScreen.storyboard; sourceTree = "<group>"; };
		B3199E9A218708B70079EE6B /* Info.plist */ = {isa = PBXFileReference; lastKnownFileType = text.plist.xml; path = Info.plist; sourceTree = "<group>"; };
		B3199EA021872F360079EE6B /* ProfileViewController.swift */ = {isa = PBXFileReference; lastKnownFileType = sourcecode.swift; path = ProfileViewController.swift; sourceTree = "<group>"; };
		B3199EA221875B1B0079EE6B /* User.swift */ = {isa = PBXFileReference; lastKnownFileType = sourcecode.swift; path = User.swift; sourceTree = "<group>"; };
		B3B68168218B2235004CC19D /* UIColor+extensions.swift */ = {isa = PBXFileReference; lastKnownFileType = sourcecode.swift; path = "UIColor+extensions.swift"; sourceTree = "<group>"; };
		B3B6816A218B249E004CC19D /* DataSource.swift */ = {isa = PBXFileReference; lastKnownFileType = sourcecode.swift; path = DataSource.swift; sourceTree = "<group>"; };
		B3B6816E218B4B36004CC19D /* DownloadableImageView.swift */ = {isa = PBXFileReference; lastKnownFileType = sourcecode.swift; path = DownloadableImageView.swift; sourceTree = "<group>"; };
		B3B68170218B5D2C004CC19D /* TintedImageView.swift */ = {isa = PBXFileReference; lastKnownFileType = sourcecode.swift; path = TintedImageView.swift; sourceTree = "<group>"; };
		B3B68173218B78C5004CC19D /* HTTPClient.swift */ = {isa = PBXFileReference; lastKnownFileType = sourcecode.swift; path = HTTPClient.swift; sourceTree = "<group>"; };
		B3B68175218B7F79004CC19D /* GithubService.swift */ = {isa = PBXFileReference; lastKnownFileType = sourcecode.swift; path = GithubService.swift; sourceTree = "<group>"; };
		B3B68177218B7F86004CC19D /* GithubAPIService.swift */ = {isa = PBXFileReference; lastKnownFileType = sourcecode.swift; path = GithubAPIService.swift; sourceTree = "<group>"; };
		B3EB4B7D218C5AE2004FB392 /* NavigationConttoller.swift */ = {isa = PBXFileReference; lastKnownFileType = sourcecode.swift; path = NavigationConttoller.swift; sourceTree = "<group>"; };
		B3EB4B7F218C674B004FB392 /* BioCell.swift */ = {isa = PBXFileReference; lastKnownFileType = sourcecode.swift; path = BioCell.swift; sourceTree = "<group>"; };
		B3EB4B81218C6760004FB392 /* RightEditCell.swift */ = {isa = PBXFileReference; lastKnownFileType = sourcecode.swift; path = RightEditCell.swift; sourceTree = "<group>"; };
		B3F13EFF2189B02A005E222F /* EditProfileViewController.swift */ = {isa = PBXFileReference; lastKnownFileType = sourcecode.swift; path = EditProfileViewController.swift; sourceTree = "<group>"; };
/* End PBXFileReference section */

/* Begin PBXFrameworksBuildPhase section */
		B3199E88218708B50079EE6B /* Frameworks */ = {
			isa = PBXFrameworksBuildPhase;
			buildActionMask = 2147483647;
			files = (
			);
			runOnlyForDeploymentPostprocessing = 0;
		};
/* End PBXFrameworksBuildPhase section */

/* Begin PBXGroup section */
		B3159686218B0E1100BE2E39 /* TableView */ = {
			isa = PBXGroup;
			children = (
				B3159684218B0E0D00BE2E39 /* HeaderView.swift */,
				B3EB4B7F218C674B004FB392 /* BioCell.swift */,
				B3EB4B81218C6760004FB392 /* RightEditCell.swift */,
				B3159687218B0E5500BE2E39 /* ImageCell.swift */,
				B3159689218B0E6300BE2E39 /* ArrowCell.swift */,
			);
			path = TableView;
			sourceTree = "<group>";
		};
		B3199E82218708B50079EE6B = {
			isa = PBXGroup;
			children = (
				B3199E8D218708B50079EE6B /* Github test */,
				B3199E8C218708B50079EE6B /* Products */,
			);
			sourceTree = "<group>";
		};
		B3199E8C218708B50079EE6B /* Products */ = {
			isa = PBXGroup;
			children = (
				B3199E8B218708B50079EE6B /* Github test.app */,
			);
			name = Products;
			sourceTree = "<group>";
		};
		B3199E8D218708B50079EE6B /* Github test */ = {
			isa = PBXGroup;
			children = (
				B3199E8E218708B50079EE6B /* AppDelegate.swift */,
				B3B6817C218B8EE0004CC19D /* Controllers */,
				B3B68179218B8E24004CC19D /* Models */,
				B3B6817A218B8EAE004CC19D /* Views */,
				B3B6817B218B8EBE004CC19D /* Services */,
				B3B68172218B7869004CC19D /* Networking */,
				B3B68167218B221B004CC19D /* Extensions */,
				B3199E92218708B50079EE6B /* Main.storyboard */,
				B3199E95218708B70079EE6B /* Assets.xcassets */,
				B3199E97218708B70079EE6B /* LaunchScreen.storyboard */,
				B3199E9A218708B70079EE6B /* Info.plist */,
			);
			path = "Github test";
			sourceTree = "<group>";
		};
		B3B68167218B221B004CC19D /* Extensions */ = {
			isa = PBXGroup;
			children = (
				B3159682218A023F00BE2E39 /* String+extensions.swift */,
				B3B68168218B2235004CC19D /* UIColor+extensions.swift */,
			);
			path = Extensions;
			sourceTree = "<group>";
		};
		B3B68172218B7869004CC19D /* Networking */ = {
			isa = PBXGroup;
			children = (
				B3B68173218B78C5004CC19D /* HTTPClient.swift */,
			);
			path = Networking;
			sourceTree = "<group>";
		};
		B3B68179218B8E24004CC19D /* Models */ = {
			isa = PBXGroup;
			children = (
				B3199EA221875B1B0079EE6B /* User.swift */,
				B3B6816A218B249E004CC19D /* DataSource.swift */,
			);
			path = Models;
			sourceTree = "<group>";
		};
		B3B6817A218B8EAE004CC19D /* Views */ = {
			isa = PBXGroup;
			children = (
				B3159686218B0E1100BE2E39 /* TableView */,
				B315968B218B19E300BE2E39 /* RoundedLabel.swift */,
				B3B6816E218B4B36004CC19D /* DownloadableImageView.swift */,
				B3B68170218B5D2C004CC19D /* TintedImageView.swift */,
			);
			path = Views;
			sourceTree = "<group>";
		};
		B3B6817B218B8EBE004CC19D /* Services */ = {
			isa = PBXGroup;
			children = (
				B3B68175218B7F79004CC19D /* GithubService.swift */,
				B3B68177218B7F86004CC19D /* GithubAPIService.swift */,
			);
			path = Services;
			sourceTree = "<group>";
		};
		B3B6817C218B8EE0004CC19D /* Controllers */ = {
			isa = PBXGroup;
			children = (
				B3EB4B7D218C5AE2004FB392 /* NavigationConttoller.swift */,
				B3199E90218708B50079EE6B /* AuthenticationViewController.swift */,
				B3199EA021872F360079EE6B /* ProfileViewController.swift */,
				B3F13EFF2189B02A005E222F /* EditProfileViewController.swift */,
			);
			path = Controllers;
			sourceTree = "<group>";
		};
/* End PBXGroup section */

/* Begin PBXNativeTarget section */
		B3199E8A218708B50079EE6B /* Github test */ = {
			isa = PBXNativeTarget;
			buildConfigurationList = B3199E9D218708B70079EE6B /* Build configuration list for PBXNativeTarget "Github test" */;
			buildPhases = (
				B3199E87218708B50079EE6B /* Sources */,
				B3199E88218708B50079EE6B /* Frameworks */,
				B3199E89218708B50079EE6B /* Resources */,
			);
			buildRules = (
			);
			dependencies = (
			);
			name = "Github test";
			productName = "Github test";
			productReference = B3199E8B218708B50079EE6B /* Github test.app */;
			productType = "com.apple.product-type.application";
		};
/* End PBXNativeTarget section */

/* Begin PBXProject section */
		B3199E83218708B50079EE6B /* Project object */ = {
			isa = PBXProject;
			attributes = {
				LastSwiftUpdateCheck = 1000;
				LastUpgradeCheck = 1000;
				ORGANIZATIONNAME = "Sergey Kletsov";
				TargetAttributes = {
					B3199E8A218708B50079EE6B = {
						CreatedOnToolsVersion = 10.0;
					};
				};
			};
			buildConfigurationList = B3199E86218708B50079EE6B /* Build configuration list for PBXProject "Github test" */;
			compatibilityVersion = "Xcode 9.3";
			developmentRegion = en;
			hasScannedForEncodings = 0;
			knownRegions = (
				en,
				Base,
			);
			mainGroup = B3199E82218708B50079EE6B;
			productRefGroup = B3199E8C218708B50079EE6B /* Products */;
			projectDirPath = "";
			projectRoot = "";
			targets = (
				B3199E8A218708B50079EE6B /* Github test */,
			);
		};
/* End PBXProject section */

/* Begin PBXResourcesBuildPhase section */
		B3199E89218708B50079EE6B /* Resources */ = {
			isa = PBXResourcesBuildPhase;
			buildActionMask = 2147483647;
			files = (
				B3199E99218708B70079EE6B /* LaunchScreen.storyboard in Resources */,
				B3199E96218708B70079EE6B /* Assets.xcassets in Resources */,
				B3199E94218708B50079EE6B /* Main.storyboard in Resources */,
			);
			runOnlyForDeploymentPostprocessing = 0;
		};
/* End PBXResourcesBuildPhase section */

/* Begin PBXSourcesBuildPhase section */
		B3199E87218708B50079EE6B /* Sources */ = {
			isa = PBXSourcesBuildPhase;
			buildActionMask = 2147483647;
			files = (
				B3199EA321875B1C0079EE6B /* User.swift in Sources */,
				B315968A218B0E6300BE2E39 /* ArrowCell.swift in Sources */,
				B3B68176218B7F79004CC19D /* GithubService.swift in Sources */,
				B3EB4B7E218C5AE2004FB392 /* NavigationConttoller.swift in Sources */,
				B3199EA121872F360079EE6B /* ProfileViewController.swift in Sources */,
				B3EB4B80218C674B004FB392 /* BioCell.swift in Sources */,
				B3B68178218B7F86004CC19D /* GithubAPIService.swift in Sources */,
				B3B68169218B2235004CC19D /* UIColor+extensions.swift in Sources */,
				B3199E91218708B50079EE6B /* AuthenticationViewController.swift in Sources */,
				B3F13F002189B02A005E222F /* EditProfileViewController.swift in Sources */,
				B3B6816B218B249E004CC19D /* DataSource.swift in Sources */,
				B3159683218A023F00BE2E39 /* String+extensions.swift in Sources */,
				B3B68171218B5D2C004CC19D /* TintedImageView.swift in Sources */,
				B315968C218B19E300BE2E39 /* RoundedLabel.swift in Sources */,
				B3EB4B82218C6760004FB392 /* RightEditCell.swift in Sources */,
				B3B6816F218B4B36004CC19D /* DownloadableImageView.swift in Sources */,
				B3B68174218B78C5004CC19D /* HTTPClient.swift in Sources */,
				B3159688218B0E5500BE2E39 /* ImageCell.swift in Sources */,
				B3199E8F218708B50079EE6B /* AppDelegate.swift in Sources */,
				B3159685218B0E0D00BE2E39 /* HeaderView.swift in Sources */,
			);
			runOnlyForDeploymentPostprocessing = 0;
		};
/* End PBXSourcesBuildPhase section */

/* Begin PBXVariantGroup section */
		B3199E92218708B50079EE6B /* Main.storyboard */ = {
			isa = PBXVariantGroup;
			children = (
				B3199E93218708B50079EE6B /* Base */,
			);
			name = Main.storyboard;
			sourceTree = "<group>";
		};
		B3199E97218708B70079EE6B /* LaunchScreen.storyboard */ = {
			isa = PBXVariantGroup;
			children = (
				B3199E98218708B70079EE6B /* Base */,
			);
			name = LaunchScreen.storyboard;
			sourceTree = "<group>";
		};
/* End PBXVariantGroup section */

/* Begin XCBuildConfiguration section */
		B3199E9B218708B70079EE6B /* Debug */ = {
			isa = XCBuildConfiguration;
			buildSettings = {
				ALWAYS_SEARCH_USER_PATHS = NO;
				CLANG_ANALYZER_NONNULL = YES;
				CLANG_ANALYZER_NUMBER_OBJECT_CONVERSION = YES_AGGRESSIVE;
				CLANG_CXX_LANGUAGE_STANDARD = "gnu++14";
				CLANG_CXX_LIBRARY = "libc++";
				CLANG_ENABLE_MODULES = YES;
				CLANG_ENABLE_OBJC_ARC = YES;
				CLANG_ENABLE_OBJC_WEAK = YES;
				CLANG_WARN_BLOCK_CAPTURE_AUTORELEASING = YES;
				CLANG_WARN_BOOL_CONVERSION = YES;
				CLANG_WARN_COMMA = YES;
				CLANG_WARN_CONSTANT_CONVERSION = YES;
				CLANG_WARN_DEPRECATED_OBJC_IMPLEMENTATIONS = YES;
				CLANG_WARN_DIRECT_OBJC_ISA_USAGE = YES_ERROR;
				CLANG_WARN_DOCUMENTATION_COMMENTS = YES;
				CLANG_WARN_EMPTY_BODY = YES;
				CLANG_WARN_ENUM_CONVERSION = YES;
				CLANG_WARN_INFINITE_RECURSION = YES;
				CLANG_WARN_INT_CONVERSION = YES;
				CLANG_WARN_NON_LITERAL_NULL_CONVERSION = YES;
				CLANG_WARN_OBJC_IMPLICIT_RETAIN_SELF = YES;
				CLANG_WARN_OBJC_LITERAL_CONVERSION = YES;
				CLANG_WARN_OBJC_ROOT_CLASS = YES_ERROR;
				CLANG_WARN_RANGE_LOOP_ANALYSIS = YES;
				CLANG_WARN_STRICT_PROTOTYPES = YES;
				CLANG_WARN_SUSPICIOUS_MOVE = YES;
				CLANG_WARN_UNGUARDED_AVAILABILITY = YES_AGGRESSIVE;
				CLANG_WARN_UNREACHABLE_CODE = YES;
				CLANG_WARN__DUPLICATE_METHOD_MATCH = YES;
				CODE_SIGN_IDENTITY = "iPhone Developer";
				COPY_PHASE_STRIP = NO;
				DEBUG_INFORMATION_FORMAT = dwarf;
				ENABLE_STRICT_OBJC_MSGSEND = YES;
				ENABLE_TESTABILITY = YES;
				GCC_C_LANGUAGE_STANDARD = gnu11;
				GCC_DYNAMIC_NO_PIC = NO;
				GCC_NO_COMMON_BLOCKS = YES;
				GCC_OPTIMIZATION_LEVEL = 0;
				GCC_PREPROCESSOR_DEFINITIONS = (
					"DEBUG=1",
					"$(inherited)",
				);
				GCC_WARN_64_TO_32_BIT_CONVERSION = YES;
				GCC_WARN_ABOUT_RETURN_TYPE = YES_ERROR;
				GCC_WARN_UNDECLARED_SELECTOR = YES;
				GCC_WARN_UNINITIALIZED_AUTOS = YES_AGGRESSIVE;
				GCC_WARN_UNUSED_FUNCTION = YES;
				GCC_WARN_UNUSED_VARIABLE = YES;
				IPHONEOS_DEPLOYMENT_TARGET = 12.0;
				MTL_ENABLE_DEBUG_INFO = INCLUDE_SOURCE;
				MTL_FAST_MATH = YES;
				ONLY_ACTIVE_ARCH = YES;
				SDKROOT = iphoneos;
				SWIFT_ACTIVE_COMPILATION_CONDITIONS = DEBUG;
				SWIFT_OPTIMIZATION_LEVEL = "-Onone";
			};
			name = Debug;
		};
		B3199E9C218708B70079EE6B /* Release */ = {
			isa = XCBuildConfiguration;
			buildSettings = {
				ALWAYS_SEARCH_USER_PATHS = NO;
				CLANG_ANALYZER_NONNULL = YES;
				CLANG_ANALYZER_NUMBER_OBJECT_CONVERSION = YES_AGGRESSIVE;
				CLANG_CXX_LANGUAGE_STANDARD = "gnu++14";
				CLANG_CXX_LIBRARY = "libc++";
				CLANG_ENABLE_MODULES = YES;
				CLANG_ENABLE_OBJC_ARC = YES;
				CLANG_ENABLE_OBJC_WEAK = YES;
				CLANG_WARN_BLOCK_CAPTURE_AUTORELEASING = YES;
				CLANG_WARN_BOOL_CONVERSION = YES;
				CLANG_WARN_COMMA = YES;
				CLANG_WARN_CONSTANT_CONVERSION = YES;
				CLANG_WARN_DEPRECATED_OBJC_IMPLEMENTATIONS = YES;
				CLANG_WARN_DIRECT_OBJC_ISA_USAGE = YES_ERROR;
				CLANG_WARN_DOCUMENTATION_COMMENTS = YES;
				CLANG_WARN_EMPTY_BODY = YES;
				CLANG_WARN_ENUM_CONVERSION = YES;
				CLANG_WARN_INFINITE_RECURSION = YES;
				CLANG_WARN_INT_CONVERSION = YES;
				CLANG_WARN_NON_LITERAL_NULL_CONVERSION = YES;
				CLANG_WARN_OBJC_IMPLICIT_RETAIN_SELF = YES;
				CLANG_WARN_OBJC_LITERAL_CONVERSION = YES;
				CLANG_WARN_OBJC_ROOT_CLASS = YES_ERROR;
				CLANG_WARN_RANGE_LOOP_ANALYSIS = YES;
				CLANG_WARN_STRICT_PROTOTYPES = YES;
				CLANG_WARN_SUSPICIOUS_MOVE = YES;
				CLANG_WARN_UNGUARDED_AVAILABILITY = YES_AGGRESSIVE;
				CLANG_WARN_UNREACHABLE_CODE = YES;
				CLANG_WARN__DUPLICATE_METHOD_MATCH = YES;
				CODE_SIGN_IDENTITY = "iPhone Developer";
				COPY_PHASE_STRIP = NO;
				DEBUG_INFORMATION_FORMAT = "dwarf-with-dsym";
				ENABLE_NS_ASSERTIONS = NO;
				ENABLE_STRICT_OBJC_MSGSEND = YES;
				GCC_C_LANGUAGE_STANDARD = gnu11;
				GCC_NO_COMMON_BLOCKS = YES;
				GCC_WARN_64_TO_32_BIT_CONVERSION = YES;
				GCC_WARN_ABOUT_RETURN_TYPE = YES_ERROR;
				GCC_WARN_UNDECLARED_SELECTOR = YES;
				GCC_WARN_UNINITIALIZED_AUTOS = YES_AGGRESSIVE;
				GCC_WARN_UNUSED_FUNCTION = YES;
				GCC_WARN_UNUSED_VARIABLE = YES;
				IPHONEOS_DEPLOYMENT_TARGET = 12.0;
				MTL_ENABLE_DEBUG_INFO = NO;
				MTL_FAST_MATH = YES;
				SDKROOT = iphoneos;
				SWIFT_COMPILATION_MODE = wholemodule;
				SWIFT_OPTIMIZATION_LEVEL = "-O";
				VALIDATE_PRODUCT = YES;
			};
			name = Release;
		};
		B3199E9E218708B70079EE6B /* Debug */ = {
			isa = XCBuildConfiguration;
			buildSettings = {
				ASSETCATALOG_COMPILER_APPICON_NAME = AppIcon;
				CODE_SIGN_STYLE = Automatic;
				DEVELOPMENT_TEAM = L967JD2LSG;
				INFOPLIST_FILE = "Github test/Info.plist";
				LD_RUNPATH_SEARCH_PATHS = (
					"$(inherited)",
					"@executable_path/Frameworks",
				);
				PRODUCT_BUNDLE_IDENTIFIER = "com.scales.Github-test";
				PRODUCT_NAME = "$(TARGET_NAME)";
				SWIFT_VERSION = 4.2;
				TARGETED_DEVICE_FAMILY = "1,2";
			};
			name = Debug;
		};
		B3199E9F218708B70079EE6B /* Release */ = {
			isa = XCBuildConfiguration;
			buildSettings = {
				ASSETCATALOG_COMPILER_APPICON_NAME = AppIcon;
				CODE_SIGN_STYLE = Automatic;
				DEVELOPMENT_TEAM = L967JD2LSG;
				INFOPLIST_FILE = "Github test/Info.plist";
				LD_RUNPATH_SEARCH_PATHS = (
					"$(inherited)",
					"@executable_path/Frameworks",
				);
				PRODUCT_BUNDLE_IDENTIFIER = "com.scales.Github-test";
				PRODUCT_NAME = "$(TARGET_NAME)";
				SWIFT_VERSION = 4.2;
				TARGETED_DEVICE_FAMILY = "1,2";
			};
			name = Release;
		};
/* End XCBuildConfiguration section */

/* Begin XCConfigurationList section */
		B3199E86218708B50079EE6B /* Build configuration list for PBXProject "Github test" */ = {
			isa = XCConfigurationList;
			buildConfigurations = (
				B3199E9B218708B70079EE6B /* Debug */,
				B3199E9C218708B70079EE6B /* Release */,
			);
			defaultConfigurationIsVisible = 0;
			defaultConfigurationName = Release;
		};
		B3199E9D218708B70079EE6B /* Build configuration list for PBXNativeTarget "Github test" */ = {
			isa = XCConfigurationList;
			buildConfigurations = (
				B3199E9E218708B70079EE6B /* Debug */,
				B3199E9F218708B70079EE6B /* Release */,
			);
			defaultConfigurationIsVisible = 0;
			defaultConfigurationName = Release;
		};
/* End XCConfigurationList section */
	};
	rootObject = B3199E83218708B50079EE6B /* Project object */;
}
